// !$*UTF8*$!
{
	archiveVersion = 1;
	classes = {
	};
	objectVersion = 50;
	objects = {

/* Begin PBXBuildFile section */
		E835A623230F2E2D00A39B6F /* AppDelegate.swift in Sources */ = {isa = PBXBuildFile; fileRef = E835A622230F2E2D00A39B6F /* AppDelegate.swift */; };
		E835A628230F2E2D00A39B6F /* Main.storyboard in Resources */ = {isa = PBXBuildFile; fileRef = E835A626230F2E2D00A39B6F /* Main.storyboard */; };
		E835A62A230F2E3000A39B6F /* Assets.xcassets in Resources */ = {isa = PBXBuildFile; fileRef = E835A629230F2E3000A39B6F /* Assets.xcassets */; };
		E835A62D230F2E3000A39B6F /* LaunchScreen.storyboard in Resources */ = {isa = PBXBuildFile; fileRef = E835A62B230F2E3000A39B6F /* LaunchScreen.storyboard */; };
		E835A636230F2F0C00A39B6F /* Photo.swift in Sources */ = {isa = PBXBuildFile; fileRef = E835A635230F2F0C00A39B6F /* Photo.swift */; };
		E835A63A230F30A600A39B6F /* PhotoController.swift in Sources */ = {isa = PBXBuildFile; fileRef = E835A639230F30A600A39B6F /* PhotoController.swift */; };
		E835A63D230F351300A39B6F /* ThemeHelper.swift in Sources */ = {isa = PBXBuildFile; fileRef = E835A63C230F351300A39B6F /* ThemeHelper.swift */; };
		E835A640230F3D0B00A39B6F /* PhotosCollectionViewController.swift in Sources */ = {isa = PBXBuildFile; fileRef = E835A63F230F3D0B00A39B6F /* PhotosCollectionViewController.swift */; };
		E835A643230F3D9500A39B6F /* PhotosCollectionViewCell.swift in Sources */ = {isa = PBXBuildFile; fileRef = E835A642230F3D9500A39B6F /* PhotosCollectionViewCell.swift */; };
		E835A645230F422600A39B6F /* PhotosDetailViewController.swift in Sources */ = {isa = PBXBuildFile; fileRef = E835A644230F422600A39B6F /* PhotosDetailViewController.swift */; };
/* End PBXBuildFile section */

/* Begin PBXFileReference section */
		E835A61F230F2E2D00A39B6F /* PhotoCollection.app */ = {isa = PBXFileReference; explicitFileType = wrapper.application; includeInIndex = 0; path = PhotoCollection.app; sourceTree = BUILT_PRODUCTS_DIR; };
		E835A622230F2E2D00A39B6F /* AppDelegate.swift */ = {isa = PBXFileReference; lastKnownFileType = sourcecode.swift; path = AppDelegate.swift; sourceTree = "<group>"; };
		E835A627230F2E2D00A39B6F /* Base */ = {isa = PBXFileReference; lastKnownFileType = file.storyboard; name = Base; path = Base.lproj/Main.storyboard; sourceTree = "<group>"; };
		E835A629230F2E3000A39B6F /* Assets.xcassets */ = {isa = PBXFileReference; lastKnownFileType = folder.assetcatalog; path = Assets.xcassets; sourceTree = "<group>"; };
		E835A62C230F2E3000A39B6F /* Base */ = {isa = PBXFileReference; lastKnownFileType = file.storyboard; name = Base; path = Base.lproj/LaunchScreen.storyboard; sourceTree = "<group>"; };
		E835A62E230F2E3000A39B6F /* Info.plist */ = {isa = PBXFileReference; lastKnownFileType = text.plist.xml; path = Info.plist; sourceTree = "<group>"; };
		E835A635230F2F0C00A39B6F /* Photo.swift */ = {isa = PBXFileReference; lastKnownFileType = sourcecode.swift; path = Photo.swift; sourceTree = "<group>"; };
		E835A639230F30A600A39B6F /* PhotoController.swift */ = {isa = PBXFileReference; lastKnownFileType = sourcecode.swift; path = PhotoController.swift; sourceTree = "<group>"; };
		E835A63C230F351300A39B6F /* ThemeHelper.swift */ = {isa = PBXFileReference; lastKnownFileType = sourcecode.swift; path = ThemeHelper.swift; sourceTree = "<group>"; };
		E835A63F230F3D0B00A39B6F /* PhotosCollectionViewController.swift */ = {isa = PBXFileReference; lastKnownFileType = sourcecode.swift; path = PhotosCollectionViewController.swift; sourceTree = "<group>"; };
		E835A642230F3D9500A39B6F /* PhotosCollectionViewCell.swift */ = {isa = PBXFileReference; lastKnownFileType = sourcecode.swift; path = PhotosCollectionViewCell.swift; sourceTree = "<group>"; };
		E835A644230F422600A39B6F /* PhotosDetailViewController.swift */ = {isa = PBXFileReference; lastKnownFileType = sourcecode.swift; path = PhotosDetailViewController.swift; sourceTree = "<group>"; };
/* End PBXFileReference section */

/* Begin PBXFrameworksBuildPhase section */
		E835A61C230F2E2D00A39B6F /* Frameworks */ = {
			isa = PBXFrameworksBuildPhase;
			buildActionMask = 2147483647;
			files = (
			);
			runOnlyForDeploymentPostprocessing = 0;
		};
/* End PBXFrameworksBuildPhase section */

/* Begin PBXGroup section */
		E835A616230F2E2D00A39B6F = {
			isa = PBXGroup;
			children = (
				E835A621230F2E2D00A39B6F /* PhotoCollection */,
				E835A620230F2E2D00A39B6F /* Products */,
			);
			sourceTree = "<group>";
		};
		E835A620230F2E2D00A39B6F /* Products */ = {
			isa = PBXGroup;
			children = (
				E835A61F230F2E2D00A39B6F /* PhotoCollection.app */,
			);
			name = Products;
			sourceTree = "<group>";
		};
		E835A621230F2E2D00A39B6F /* PhotoCollection */ = {
			isa = PBXGroup;
			children = (
				E835A622230F2E2D00A39B6F /* AppDelegate.swift */,
				E835A634230F2EED00A39B6F /* Model */,
				E835A638230F307800A39B6F /* Controller */,
				E835A63E230F3C7900A39B6F /* View Controller */,
				E835A641230F3D7200A39B6F /* Cell */,
				E835A63B230F34E100A39B6F /* Theme */,
				E835A637230F302000A39B6F /* Resources */,
				E835A62E230F2E3000A39B6F /* Info.plist */,
			);
			path = PhotoCollection;
			sourceTree = "<group>";
		};
		E835A634230F2EED00A39B6F /* Model */ = {
			isa = PBXGroup;
			children = (
				E835A635230F2F0C00A39B6F /* Photo.swift */,
			);
			path = Model;
			sourceTree = "<group>";
		};
		E835A637230F302000A39B6F /* Resources */ = {
			isa = PBXGroup;
			children = (
				E835A626230F2E2D00A39B6F /* Main.storyboard */,
				E835A629230F2E3000A39B6F /* Assets.xcassets */,
				E835A62B230F2E3000A39B6F /* LaunchScreen.storyboard */,
			);
			path = Resources;
			sourceTree = "<group>";
		};
		E835A638230F307800A39B6F /* Controller */ = {
			isa = PBXGroup;
			children = (
				E835A639230F30A600A39B6F /* PhotoController.swift */,
			);
			path = Controller;
			sourceTree = "<group>";
		};
		E835A63B230F34E100A39B6F /* Theme */ = {
			isa = PBXGroup;
			children = (
				E835A63C230F351300A39B6F /* ThemeHelper.swift */,
			);
			path = Theme;
			sourceTree = "<group>";
		};
		E835A63E230F3C7900A39B6F /* View Controller */ = {
			isa = PBXGroup;
			children = (
				E835A63F230F3D0B00A39B6F /* PhotosCollectionViewController.swift */,
				E835A644230F422600A39B6F /* PhotosDetailViewController.swift */,
			);
			path = "View Controller";
			sourceTree = "<group>";
		};
		E835A641230F3D7200A39B6F /* Cell */ = {
			isa = PBXGroup;
			children = (
				E835A642230F3D9500A39B6F /* PhotosCollectionViewCell.swift */,
			);
			path = Cell;
			sourceTree = "<group>";
		};
/* End PBXGroup section */

/* Begin PBXNativeTarget section */
		E835A61E230F2E2D00A39B6F /* PhotoCollection */ = {
			isa = PBXNativeTarget;
			buildConfigurationList = E835A631230F2E3000A39B6F /* Build configuration list for PBXNativeTarget "PhotoCollection" */;
			buildPhases = (
				E835A61B230F2E2D00A39B6F /* Sources */,
				E835A61C230F2E2D00A39B6F /* Frameworks */,
				E835A61D230F2E2D00A39B6F /* Resources */,
			);
			buildRules = (
			);
			dependencies = (
			);
			name = PhotoCollection;
			productName = PhotoCollection;
			productReference = E835A61F230F2E2D00A39B6F /* PhotoCollection.app */;
			productType = "com.apple.product-type.application";
		};
/* End PBXNativeTarget section */

/* Begin PBXProject section */
		E835A617230F2E2D00A39B6F /* Project object */ = {
			isa = PBXProject;
			attributes = {
				LastSwiftUpdateCheck = 1030;
				LastUpgradeCheck = 1030;
				ORGANIZATIONNAME = "Lambda School";
				TargetAttributes = {
					E835A61E230F2E2D00A39B6F = {
						CreatedOnToolsVersion = 10.3;
					};
				};
			};
			buildConfigurationList = E835A61A230F2E2D00A39B6F /* Build configuration list for PBXProject "PhotoCollection" */;
			compatibilityVersion = "Xcode 9.3";
			developmentRegion = en;
			hasScannedForEncodings = 0;
			knownRegions = (
				en,
				Base,
			);
			mainGroup = E835A616230F2E2D00A39B6F;
			productRefGroup = E835A620230F2E2D00A39B6F /* Products */;
			projectDirPath = "";
			projectRoot = "";
			targets = (
				E835A61E230F2E2D00A39B6F /* PhotoCollection */,
			);
		};
/* End PBXProject section */

/* Begin PBXResourcesBuildPhase section */
		E835A61D230F2E2D00A39B6F /* Resources */ = {
			isa = PBXResourcesBuildPhase;
			buildActionMask = 2147483647;
			files = (
				E835A62D230F2E3000A39B6F /* LaunchScreen.storyboard in Resources */,
				E835A62A230F2E3000A39B6F /* Assets.xcassets in Resources */,
				E835A628230F2E2D00A39B6F /* Main.storyboard in Resources */,
			);
			runOnlyForDeploymentPostprocessing = 0;
		};
/* End PBXResourcesBuildPhase section */

/* Begin PBXSourcesBuildPhase section */
		E835A61B230F2E2D00A39B6F /* Sources */ = {
			isa = PBXSourcesBuildPhase;
			buildActionMask = 2147483647;
			files = (
				E835A63A230F30A600A39B6F /* PhotoController.swift in Sources */,
				E835A636230F2F0C00A39B6F /* Photo.swift in Sources */,
				E835A623230F2E2D00A39B6F /* AppDelegate.swift in Sources */,
				E835A640230F3D0B00A39B6F /* PhotosCollectionViewController.swift in Sources */,
				E835A645230F422600A39B6F /* PhotosDetailViewController.swift in Sources */,
				E835A63D230F351300A39B6F /* ThemeHelper.swift in Sources */,
				E835A643230F3D9500A39B6F /* PhotosCollectionViewCell.swift in Sources */,
			);
			runOnlyForDeploymentPostprocessing = 0;
		};
/* End PBXSourcesBuildPhase section */

/* Begin PBXVariantGroup section */
		E835A626230F2E2D00A39B6F /* Main.storyboard */ = {
			isa = PBXVariantGroup;
			children = (
				E835A627230F2E2D00A39B6F /* Base */,
			);
			name = Main.storyboard;
			sourceTree = "<group>";
		};
		E835A62B230F2E3000A39B6F /* LaunchScreen.storyboard */ = {
			isa = PBXVariantGroup;
			children = (
				E835A62C230F2E3000A39B6F /* Base */,
			);
			name = LaunchScreen.storyboard;
			sourceTree = "<group>";
		};
/* End PBXVariantGroup section */

/* Begin XCBuildConfiguration section */
		E835A62F230F2E3000A39B6F /* Debug */ = {
			isa = XCBuildConfiguration;
			buildSettings = {
				ALWAYS_SEARCH_USER_PATHS = NO;
				CLANG_ANALYZER_NONNULL = YES;
				CLANG_ANALYZER_NUMBER_OBJECT_CONVERSION = YES_AGGRESSIVE;
				CLANG_CXX_LANGUAGE_STANDARD = "gnu++14";
				CLANG_CXX_LIBRARY = "libc++";
				CLANG_ENABLE_MODULES = YES;
				CLANG_ENABLE_OBJC_ARC = YES;
				CLANG_ENABLE_OBJC_WEAK = YES;
				CLANG_WARN_BLOCK_CAPTURE_AUTORELEASING = YES;
				CLANG_WARN_BOOL_CONVERSION = YES;
				CLANG_WARN_COMMA = YES;
				CLANG_WARN_CONSTANT_CONVERSION = YES;
				CLANG_WARN_DEPRECATED_OBJC_IMPLEMENTATIONS = YES;
				CLANG_WARN_DIRECT_OBJC_ISA_USAGE = YES_ERROR;
				CLANG_WARN_DOCUMENTATION_COMMENTS = YES;
				CLANG_WARN_EMPTY_BODY = YES;
				CLANG_WARN_ENUM_CONVERSION = YES;
				CLANG_WARN_INFINITE_RECURSION = YES;
				CLANG_WARN_INT_CONVERSION = YES;
				CLANG_WARN_NON_LITERAL_NULL_CONVERSION = YES;
				CLANG_WARN_OBJC_IMPLICIT_RETAIN_SELF = YES;
				CLANG_WARN_OBJC_LITERAL_CONVERSION = YES;
				CLANG_WARN_OBJC_ROOT_CLASS = YES_ERROR;
				CLANG_WARN_RANGE_LOOP_ANALYSIS = YES;
				CLANG_WARN_STRICT_PROTOTYPES = YES;
				CLANG_WARN_SUSPICIOUS_MOVE = YES;
				CLANG_WARN_UNGUARDED_AVAILABILITY = YES_AGGRESSIVE;
				CLANG_WARN_UNREACHABLE_CODE = YES;
				CLANG_WARN__DUPLICATE_METHOD_MATCH = YES;
				CODE_SIGN_IDENTITY = "iPhone Developer";
				COPY_PHASE_STRIP = NO;
				DEBUG_INFORMATION_FORMAT = dwarf;
				ENABLE_STRICT_OBJC_MSGSEND = YES;
				ENABLE_TESTABILITY = YES;
				GCC_C_LANGUAGE_STANDARD = gnu11;
				GCC_DYNAMIC_NO_PIC = NO;
				GCC_NO_COMMON_BLOCKS = YES;
				GCC_OPTIMIZATION_LEVEL = 0;
				GCC_PREPROCESSOR_DEFINITIONS = (
					"DEBUG=1",
					"$(inherited)",
				);
				GCC_WARN_64_TO_32_BIT_CONVERSION = YES;
				GCC_WARN_ABOUT_RETURN_TYPE = YES_ERROR;
				GCC_WARN_UNDECLARED_SELECTOR = YES;
				GCC_WARN_UNINITIALIZED_AUTOS = YES_AGGRESSIVE;
				GCC_WARN_UNUSED_FUNCTION = YES;
				GCC_WARN_UNUSED_VARIABLE = YES;
				IPHONEOS_DEPLOYMENT_TARGET = 12.4;
				MTL_ENABLE_DEBUG_INFO = INCLUDE_SOURCE;
				MTL_FAST_MATH = YES;
				ONLY_ACTIVE_ARCH = YES;
				SDKROOT = iphoneos;
				SWIFT_ACTIVE_COMPILATION_CONDITIONS = DEBUG;
				SWIFT_OPTIMIZATION_LEVEL = "-Onone";
			};
			name = Debug;
		};
		E835A630230F2E3000A39B6F /* Release */ = {
			isa = XCBuildConfiguration;
			buildSettings = {
				ALWAYS_SEARCH_USER_PATHS = NO;
				CLANG_ANALYZER_NONNULL = YES;
				CLANG_ANALYZER_NUMBER_OBJECT_CONVERSION = YES_AGGRESSIVE;
				CLANG_CXX_LANGUAGE_STANDARD = "gnu++14";
				CLANG_CXX_LIBRARY = "libc++";
				CLANG_ENABLE_MODULES = YES;
				CLANG_ENABLE_OBJC_ARC = YES;
				CLANG_ENABLE_OBJC_WEAK = YES;
				CLANG_WARN_BLOCK_CAPTURE_AUTORELEASING = YES;
				CLANG_WARN_BOOL_CONVERSION = YES;
				CLANG_WARN_COMMA = YES;
				CLANG_WARN_CONSTANT_CONVERSION = YES;
				CLANG_WARN_DEPRECATED_OBJC_IMPLEMENTATIONS = YES;
				CLANG_WARN_DIRECT_OBJC_ISA_USAGE = YES_ERROR;
				CLANG_WARN_DOCUMENTATION_COMMENTS = YES;
				CLANG_WARN_EMPTY_BODY = YES;
				CLANG_WARN_ENUM_CONVERSION = YES;
				CLANG_WARN_INFINITE_RECURSION = YES;
				CLANG_WARN_INT_CONVERSION = YES;
				CLANG_WARN_NON_LITERAL_NULL_CONVERSION = YES;
				CLANG_WARN_OBJC_IMPLICIT_RETAIN_SELF = YES;
				CLANG_WARN_OBJC_LITERAL_CONVERSION = YES;
				CLANG_WARN_OBJC_ROOT_CLASS = YES_ERROR;
				CLANG_WARN_RANGE_LOOP_ANALYSIS = YES;
				CLANG_WARN_STRICT_PROTOTYPES = YES;
				CLANG_WARN_SUSPICIOUS_MOVE = YES;
				CLANG_WARN_UNGUARDED_AVAILABILITY = YES_AGGRESSIVE;
				CLANG_WARN_UNREACHABLE_CODE = YES;
				CLANG_WARN__DUPLICATE_METHOD_MATCH = YES;
				CODE_SIGN_IDENTITY = "iPhone Developer";
				COPY_PHASE_STRIP = NO;
				DEBUG_INFORMATION_FORMAT = "dwarf-with-dsym";
				ENABLE_NS_ASSERTIONS = NO;
				ENABLE_STRICT_OBJC_MSGSEND = YES;
				GCC_C_LANGUAGE_STANDARD = gnu11;
				GCC_NO_COMMON_BLOCKS = YES;
				GCC_WARN_64_TO_32_BIT_CONVERSION = YES;
				GCC_WARN_ABOUT_RETURN_TYPE = YES_ERROR;
				GCC_WARN_UNDECLARED_SELECTOR = YES;
				GCC_WARN_UNINITIALIZED_AUTOS = YES_AGGRESSIVE;
				GCC_WARN_UNUSED_FUNCTION = YES;
				GCC_WARN_UNUSED_VARIABLE = YES;
				IPHONEOS_DEPLOYMENT_TARGET = 12.4;
				MTL_ENABLE_DEBUG_INFO = NO;
				MTL_FAST_MATH = YES;
				SDKROOT = iphoneos;
				SWIFT_COMPILATION_MODE = wholemodule;
				SWIFT_OPTIMIZATION_LEVEL = "-O";
				VALIDATE_PRODUCT = YES;
			};
			name = Release;
		};
		E835A632230F2E3000A39B6F /* Debug */ = {
			isa = XCBuildConfiguration;
			buildSettings = {
				ASSETCATALOG_COMPILER_APPICON_NAME = AppIcon;
				CODE_SIGN_STYLE = Automatic;
				DEVELOPMENT_TEAM = HHWLCLH68V;
				INFOPLIST_FILE = PhotoCollection/Info.plist;
				LD_RUNPATH_SEARCH_PATHS = (
					"$(inherited)",
					"@executable_path/Frameworks",
				);
				PRODUCT_BUNDLE_IDENTIFIER = com.lambdashool.PhotoCollection;
				PRODUCT_NAME = "$(TARGET_NAME)";
				SWIFT_VERSION = 5.0;
				TARGETED_DEVICE_FAMILY = "1,2";
			};
			name = Debug;
		};
		E835A633230F2E3000A39B6F /* Release */ = {
			isa = XCBuildConfiguration;
			buildSettings = {
				ASSETCATALOG_COMPILER_APPICON_NAME = AppIcon;
				CODE_SIGN_STYLE = Automatic;
				DEVELOPMENT_TEAM = HHWLCLH68V;
				INFOPLIST_FILE = PhotoCollection/Info.plist;
				LD_RUNPATH_SEARCH_PATHS = (
					"$(inherited)",
					"@executable_path/Frameworks",
				);
				PRODUCT_BUNDLE_IDENTIFIER = com.lambdashool.PhotoCollection;
				PRODUCT_NAME = "$(TARGET_NAME)";
				SWIFT_VERSION = 5.0;
				TARGETED_DEVICE_FAMILY = "1,2";
			};
			name = Release;
		};
/* End XCBuildConfiguration section */

/* Begin XCConfigurationList section */
		E835A61A230F2E2D00A39B6F /* Build configuration list for PBXProject "PhotoCollection" */ = {
			isa = XCConfigurationList;
			buildConfigurations = (
				E835A62F230F2E3000A39B6F /* Debug */,
				E835A630230F2E3000A39B6F /* Release */,
			);
			defaultConfigurationIsVisible = 0;
			defaultConfigurationName = Release;
		};
		E835A631230F2E3000A39B6F /* Build configuration list for PBXNativeTarget "PhotoCollection" */ = {
			isa = XCConfigurationList;
			buildConfigurations = (
				E835A632230F2E3000A39B6F /* Debug */,
				E835A633230F2E3000A39B6F /* Release */,
			);
			defaultConfigurationIsVisible = 0;
			defaultConfigurationName = Release;
		};
/* End XCConfigurationList section */
	};
	rootObject = E835A617230F2E2D00A39B6F /* Project object */;
}
